// !$*UTF8*$!
{
	archiveVersion = 1;
	classes = {
	};
	objectVersion = 50;
	objects = {

/* Begin PBXBuildFile section */
		14254A0C21FBCE3B007B416C /* BuddyFunctions.swift in Sources */ = {isa = PBXBuildFile; fileRef = 14254A0B21FBCE3B007B416C /* BuddyFunctions.swift */; };
		142C996921FA18F100476759 /* SettingsTests.swift in Sources */ = {isa = PBXBuildFile; fileRef = 142C996821FA18F100476759 /* SettingsTests.swift */; };
		142C996C21FA5F9000476759 /* SettingsFunctions.swift in Sources */ = {isa = PBXBuildFile; fileRef = 142C996B21FA5F9000476759 /* SettingsFunctions.swift */; };
		14364E9821F0DF58002F6647 /* Settings Struct.swift in Sources */ = {isa = PBXBuildFile; fileRef = 14364E9721F0DF58002F6647 /* Settings Struct.swift */; };
		14364E9B21F11020002F6647 /* SettingsViewController.swift in Sources */ = {isa = PBXBuildFile; fileRef = 14364E9A21F11020002F6647 /* SettingsViewController.swift */; };
		144441F021EE60A900A8DD0F /* MockJSON.JSON in Resources */ = {isa = PBXBuildFile; fileRef = 144441EF21EE60A900A8DD0F /* MockJSON.JSON */; };
		144441F121EE60A900A8DD0F /* MockJSON.JSON in Resources */ = {isa = PBXBuildFile; fileRef = 144441EF21EE60A900A8DD0F /* MockJSON.JSON */; };
		144441F321EE666800A8DD0F /* Mock Weather Struct.swift in Sources */ = {isa = PBXBuildFile; fileRef = 144441F221EE666800A8DD0F /* Mock Weather Struct.swift */; };
		144441F421EE666800A8DD0F /* Mock Weather Struct.swift in Sources */ = {isa = PBXBuildFile; fileRef = 144441F221EE666800A8DD0F /* Mock Weather Struct.swift */; };
		144441F821EE709300A8DD0F /* Constants.swift in Sources */ = {isa = PBXBuildFile; fileRef = 144441F721EE709300A8DD0F /* Constants.swift */; };
		1464292E21FCD2F300E4DF64 /* SettingsViewUITests.swift in Sources */ = {isa = PBXBuildFile; fileRef = 1464292D21FCD2F300E4DF64 /* SettingsViewUITests.swift */; };
		1464293021FCD2FF00E4DF64 /* MainViewUITests.swift in Sources */ = {isa = PBXBuildFile; fileRef = 1464292F21FCD2FF00E4DF64 /* MainViewUITests.swift */; };
		147E667821EEF59E0054FF5E /* Buddy Struct.swift in Sources */ = {isa = PBXBuildFile; fileRef = 147E667721EEF59E0054FF5E /* Buddy Struct.swift */; };
		147E667A21EEFE9B0054FF5E /* Conversion Functions.swift in Sources */ = {isa = PBXBuildFile; fileRef = 147E667921EEFE9B0054FF5E /* Conversion Functions.swift */; };
		147E667C21EF0B3E0054FF5E /* Constants.swift in Sources */ = {isa = PBXBuildFile; fileRef = 147E667B21EF0B3E0054FF5E /* Constants.swift */; };
		14C014F121E3C94F00826B79 /* AppDelegate.swift in Sources */ = {isa = PBXBuildFile; fileRef = 14C014F021E3C94F00826B79 /* AppDelegate.swift */; };
		14C014F321E3C94F00826B79 /* MainViewController.swift in Sources */ = {isa = PBXBuildFile; fileRef = 14C014F221E3C94F00826B79 /* MainViewController.swift */; };
		14C014F621E3C94F00826B79 /* Main.storyboard in Resources */ = {isa = PBXBuildFile; fileRef = 14C014F421E3C94F00826B79 /* Main.storyboard */; };
		14C014F921E3C94F00826B79 /* MyWeatherApp.xcdatamodeld in Sources */ = {isa = PBXBuildFile; fileRef = 14C014F721E3C94F00826B79 /* MyWeatherApp.xcdatamodeld */; };
		14C014FB21E3C95200826B79 /* Assets.xcassets in Resources */ = {isa = PBXBuildFile; fileRef = 14C014FA21E3C95200826B79 /* Assets.xcassets */; };
		14C014FE21E3C95200826B79 /* LaunchScreen.storyboard in Resources */ = {isa = PBXBuildFile; fileRef = 14C014FC21E3C95200826B79 /* LaunchScreen.storyboard */; };
		14C0150921E3C95300826B79 /* DataStructureTests.swift in Sources */ = {isa = PBXBuildFile; fileRef = 14C0150821E3C95300826B79 /* DataStructureTests.swift */; };
		14C0151421E3C95300826B79 /* GeneralUITests.swift in Sources */ = {isa = PBXBuildFile; fileRef = 14C0151321E3C95300826B79 /* GeneralUITests.swift */; };
		14C0152421E3CC6F00826B79 /* JSON Fetcher.swift in Sources */ = {isa = PBXBuildFile; fileRef = 14C0152321E3CC6F00826B79 /* JSON Fetcher.swift */; };
		14C0152621E3CC7F00826B79 /* JSON Struct.swift in Sources */ = {isa = PBXBuildFile; fileRef = 14C0152521E3CC7F00826B79 /* JSON Struct.swift */; };
/* End PBXBuildFile section */

/* Begin PBXContainerItemProxy section */
		14C0150521E3C95300826B79 /* PBXContainerItemProxy */ = {
			isa = PBXContainerItemProxy;
			containerPortal = 14C014E521E3C94F00826B79 /* Project object */;
			proxyType = 1;
			remoteGlobalIDString = 14C014EC21E3C94F00826B79;
			remoteInfo = MyWeatherApp;
		};
		14C0151021E3C95300826B79 /* PBXContainerItemProxy */ = {
			isa = PBXContainerItemProxy;
			containerPortal = 14C014E521E3C94F00826B79 /* Project object */;
			proxyType = 1;
			remoteGlobalIDString = 14C014EC21E3C94F00826B79;
			remoteInfo = MyWeatherApp;
		};
/* End PBXContainerItemProxy section */

/* Begin PBXFileReference section */
		14254A0B21FBCE3B007B416C /* BuddyFunctions.swift */ = {isa = PBXFileReference; lastKnownFileType = sourcecode.swift; path = BuddyFunctions.swift; sourceTree = "<group>"; };
		142C996821FA18F100476759 /* SettingsTests.swift */ = {isa = PBXFileReference; lastKnownFileType = sourcecode.swift; path = SettingsTests.swift; sourceTree = "<group>"; };
		142C996B21FA5F9000476759 /* SettingsFunctions.swift */ = {isa = PBXFileReference; lastKnownFileType = sourcecode.swift; path = SettingsFunctions.swift; sourceTree = "<group>"; };
		14364E9721F0DF58002F6647 /* Settings Struct.swift */ = {isa = PBXFileReference; lastKnownFileType = sourcecode.swift; path = "Settings Struct.swift"; sourceTree = "<group>"; };
		14364E9A21F11020002F6647 /* SettingsViewController.swift */ = {isa = PBXFileReference; lastKnownFileType = sourcecode.swift; path = SettingsViewController.swift; sourceTree = "<group>"; };
		144441EF21EE60A900A8DD0F /* MockJSON.JSON */ = {isa = PBXFileReference; explicitFileType = text.json; fileEncoding = 4; path = MockJSON.JSON; sourceTree = "<group>"; };
		144441F221EE666800A8DD0F /* Mock Weather Struct.swift */ = {isa = PBXFileReference; lastKnownFileType = sourcecode.swift; path = "Mock Weather Struct.swift"; sourceTree = "<group>"; };
		144441F721EE709300A8DD0F /* Constants.swift */ = {isa = PBXFileReference; lastKnownFileType = sourcecode.swift; path = Constants.swift; sourceTree = "<group>"; };
		1464292D21FCD2F300E4DF64 /* SettingsViewUITests.swift */ = {isa = PBXFileReference; lastKnownFileType = sourcecode.swift; path = SettingsViewUITests.swift; sourceTree = "<group>"; };
		1464292F21FCD2FF00E4DF64 /* MainViewUITests.swift */ = {isa = PBXFileReference; lastKnownFileType = sourcecode.swift; path = MainViewUITests.swift; sourceTree = "<group>"; };
		147E667721EEF59E0054FF5E /* Buddy Struct.swift */ = {isa = PBXFileReference; lastKnownFileType = sourcecode.swift; path = "Buddy Struct.swift"; sourceTree = "<group>"; };
		147E667921EEFE9B0054FF5E /* Conversion Functions.swift */ = {isa = PBXFileReference; lastKnownFileType = sourcecode.swift; path = "Conversion Functions.swift"; sourceTree = "<group>"; };
		147E667B21EF0B3E0054FF5E /* Constants.swift */ = {isa = PBXFileReference; lastKnownFileType = sourcecode.swift; path = Constants.swift; sourceTree = "<group>"; };
		14C014ED21E3C94F00826B79 /* MyWeatherApp.app */ = {isa = PBXFileReference; explicitFileType = wrapper.application; includeInIndex = 0; path = MyWeatherApp.app; sourceTree = BUILT_PRODUCTS_DIR; };
		14C014F021E3C94F00826B79 /* AppDelegate.swift */ = {isa = PBXFileReference; lastKnownFileType = sourcecode.swift; path = AppDelegate.swift; sourceTree = "<group>"; };
		14C014F221E3C94F00826B79 /* MainViewController.swift */ = {isa = PBXFileReference; lastKnownFileType = sourcecode.swift; path = MainViewController.swift; sourceTree = "<group>"; };
		14C014F521E3C94F00826B79 /* Base */ = {isa = PBXFileReference; lastKnownFileType = file.storyboard; name = Base; path = Base.lproj/Main.storyboard; sourceTree = "<group>"; };
		14C014F821E3C94F00826B79 /* MyWeatherApp.xcdatamodel */ = {isa = PBXFileReference; lastKnownFileType = wrapper.xcdatamodel; path = MyWeatherApp.xcdatamodel; sourceTree = "<group>"; };
		14C014FA21E3C95200826B79 /* Assets.xcassets */ = {isa = PBXFileReference; lastKnownFileType = folder.assetcatalog; path = Assets.xcassets; sourceTree = "<group>"; };
		14C014FD21E3C95200826B79 /* Base */ = {isa = PBXFileReference; lastKnownFileType = file.storyboard; name = Base; path = Base.lproj/LaunchScreen.storyboard; sourceTree = "<group>"; };
		14C014FF21E3C95200826B79 /* Info.plist */ = {isa = PBXFileReference; lastKnownFileType = text.plist.xml; path = Info.plist; sourceTree = "<group>"; };
		14C0150421E3C95300826B79 /* MyWeatherAppTests.xctest */ = {isa = PBXFileReference; explicitFileType = wrapper.cfbundle; includeInIndex = 0; path = MyWeatherAppTests.xctest; sourceTree = BUILT_PRODUCTS_DIR; };
		14C0150821E3C95300826B79 /* DataStructureTests.swift */ = {isa = PBXFileReference; lastKnownFileType = sourcecode.swift; path = DataStructureTests.swift; sourceTree = "<group>"; };
		14C0150A21E3C95300826B79 /* Info.plist */ = {isa = PBXFileReference; lastKnownFileType = text.plist.xml; path = Info.plist; sourceTree = "<group>"; };
		14C0150F21E3C95300826B79 /* MyWeatherAppUITests.xctest */ = {isa = PBXFileReference; explicitFileType = wrapper.cfbundle; includeInIndex = 0; path = MyWeatherAppUITests.xctest; sourceTree = BUILT_PRODUCTS_DIR; };
		14C0151321E3C95300826B79 /* GeneralUITests.swift */ = {isa = PBXFileReference; lastKnownFileType = sourcecode.swift; path = GeneralUITests.swift; sourceTree = "<group>"; };
		14C0151521E3C95300826B79 /* Info.plist */ = {isa = PBXFileReference; lastKnownFileType = text.plist.xml; path = Info.plist; sourceTree = "<group>"; };
		14C0152321E3CC6F00826B79 /* JSON Fetcher.swift */ = {isa = PBXFileReference; lastKnownFileType = sourcecode.swift; path = "JSON Fetcher.swift"; sourceTree = "<group>"; };
		14C0152521E3CC7F00826B79 /* JSON Struct.swift */ = {isa = PBXFileReference; lastKnownFileType = sourcecode.swift; path = "JSON Struct.swift"; sourceTree = "<group>"; };
/* End PBXFileReference section */

/* Begin PBXFrameworksBuildPhase section */
		14C014EA21E3C94F00826B79 /* Frameworks */ = {
			isa = PBXFrameworksBuildPhase;
			buildActionMask = 2147483647;
			files = (
			);
			runOnlyForDeploymentPostprocessing = 0;
		};
		14C0150121E3C95300826B79 /* Frameworks */ = {
			isa = PBXFrameworksBuildPhase;
			buildActionMask = 2147483647;
			files = (
			);
			runOnlyForDeploymentPostprocessing = 0;
		};
		14C0150C21E3C95300826B79 /* Frameworks */ = {
			isa = PBXFrameworksBuildPhase;
			buildActionMask = 2147483647;
			files = (
			);
			runOnlyForDeploymentPostprocessing = 0;
		};
/* End PBXFrameworksBuildPhase section */

/* Begin PBXGroup section */
		142C996A21FA5F6E00476759 /* Functions */ = {
			isa = PBXGroup;
			children = (
				14254A0B21FBCE3B007B416C /* BuddyFunctions.swift */,
				142C996B21FA5F9000476759 /* SettingsFunctions.swift */,
			);
			path = Functions;
			sourceTree = "<group>";
		};
		14364E9921F10F6A002F6647 /* ViewControllers */ = {
			isa = PBXGroup;
			children = (
				14C014F221E3C94F00826B79 /* MainViewController.swift */,
				14364E9A21F11020002F6647 /* SettingsViewController.swift */,
			);
			path = ViewControllers;
			sourceTree = "<group>";
		};
		14C014E421E3C94F00826B79 = {
			isa = PBXGroup;
			children = (
				14C014EF21E3C94F00826B79 /* MyWeatherApp */,
				14C0150721E3C95300826B79 /* MyWeatherAppTests */,
				14C0151221E3C95300826B79 /* MyWeatherAppUITests */,
				14C014EE21E3C94F00826B79 /* Products */,
			);
			sourceTree = "<group>";
		};
		14C014EE21E3C94F00826B79 /* Products */ = {
			isa = PBXGroup;
			children = (
				14C014ED21E3C94F00826B79 /* MyWeatherApp.app */,
				14C0150421E3C95300826B79 /* MyWeatherAppTests.xctest */,
				14C0150F21E3C95300826B79 /* MyWeatherAppUITests.xctest */,
			);
			name = Products;
			sourceTree = "<group>";
		};
		14C014EF21E3C94F00826B79 /* MyWeatherApp */ = {
			isa = PBXGroup;
			children = (
				142C996A21FA5F6E00476759 /* Functions */,
				14C0152221E3C9FE00826B79 /* Data Structures */,
				14364E9921F10F6A002F6647 /* ViewControllers */,
				14C014F021E3C94F00826B79 /* AppDelegate.swift */,
				14C014F421E3C94F00826B79 /* Main.storyboard */,
				14C014FA21E3C95200826B79 /* Assets.xcassets */,
				14C014FC21E3C95200826B79 /* LaunchScreen.storyboard */,
				14C014FF21E3C95200826B79 /* Info.plist */,
				14C014F721E3C94F00826B79 /* MyWeatherApp.xcdatamodeld */,
				147E667B21EF0B3E0054FF5E /* Constants.swift */,
			);
			path = MyWeatherApp;
			sourceTree = "<group>";
		};
		14C0150721E3C95300826B79 /* MyWeatherAppTests */ = {
			isa = PBXGroup;
			children = (
				14C0150821E3C95300826B79 /* DataStructureTests.swift */,
				142C996821FA18F100476759 /* SettingsTests.swift */,
				144441EF21EE60A900A8DD0F /* MockJSON.JSON */,
				144441F221EE666800A8DD0F /* Mock Weather Struct.swift */,
				144441F721EE709300A8DD0F /* Constants.swift */,
				14C0150A21E3C95300826B79 /* Info.plist */,
			);
			path = MyWeatherAppTests;
			sourceTree = "<group>";
		};
		14C0151221E3C95300826B79 /* MyWeatherAppUITests */ = {
			isa = PBXGroup;
			children = (
				14C0151321E3C95300826B79 /* GeneralUITests.swift */,
				1464292F21FCD2FF00E4DF64 /* MainViewUITests.swift */,
				1464292D21FCD2F300E4DF64 /* SettingsViewUITests.swift */,
				14C0151521E3C95300826B79 /* Info.plist */,
			);
			path = MyWeatherAppUITests;
			sourceTree = "<group>";
		};
		14C0152221E3C9FE00826B79 /* Data Structures */ = {
			isa = PBXGroup;
			children = (
				14C0152321E3CC6F00826B79 /* JSON Fetcher.swift */,
				14C0152521E3CC7F00826B79 /* JSON Struct.swift */,
				147E667721EEF59E0054FF5E /* Buddy Struct.swift */,
				147E667921EEFE9B0054FF5E /* Conversion Functions.swift */,
				14364E9721F0DF58002F6647 /* Settings Struct.swift */,
			);
			path = "Data Structures";
			sourceTree = "<group>";
		};
/* End PBXGroup section */

/* Begin PBXNativeTarget section */
		14C014EC21E3C94F00826B79 /* MyWeatherApp */ = {
			isa = PBXNativeTarget;
			buildConfigurationList = 14C0151821E3C95300826B79 /* Build configuration list for PBXNativeTarget "MyWeatherApp" */;
			buildPhases = (
				14C014E921E3C94F00826B79 /* Sources */,
				14C014EA21E3C94F00826B79 /* Frameworks */,
				14C014EB21E3C94F00826B79 /* Resources */,
			);
			buildRules = (
			);
			dependencies = (
			);
			name = MyWeatherApp;
			productName = MyWeatherApp;
			productReference = 14C014ED21E3C94F00826B79 /* MyWeatherApp.app */;
			productType = "com.apple.product-type.application";
		};
		14C0150321E3C95300826B79 /* MyWeatherAppTests */ = {
			isa = PBXNativeTarget;
			buildConfigurationList = 14C0151B21E3C95300826B79 /* Build configuration list for PBXNativeTarget "MyWeatherAppTests" */;
			buildPhases = (
				14C0150021E3C95300826B79 /* Sources */,
				14C0150121E3C95300826B79 /* Frameworks */,
				14C0150221E3C95300826B79 /* Resources */,
			);
			buildRules = (
			);
			dependencies = (
				14C0150621E3C95300826B79 /* PBXTargetDependency */,
			);
			name = MyWeatherAppTests;
			productName = MyWeatherAppTests;
			productReference = 14C0150421E3C95300826B79 /* MyWeatherAppTests.xctest */;
			productType = "com.apple.product-type.bundle.unit-test";
		};
		14C0150E21E3C95300826B79 /* MyWeatherAppUITests */ = {
			isa = PBXNativeTarget;
			buildConfigurationList = 14C0151E21E3C95300826B79 /* Build configuration list for PBXNativeTarget "MyWeatherAppUITests" */;
			buildPhases = (
				14C0150B21E3C95300826B79 /* Sources */,
				14C0150C21E3C95300826B79 /* Frameworks */,
				14C0150D21E3C95300826B79 /* Resources */,
			);
			buildRules = (
			);
			dependencies = (
				14C0151121E3C95300826B79 /* PBXTargetDependency */,
			);
			name = MyWeatherAppUITests;
			productName = MyWeatherAppUITests;
			productReference = 14C0150F21E3C95300826B79 /* MyWeatherAppUITests.xctest */;
			productType = "com.apple.product-type.bundle.ui-testing";
		};
/* End PBXNativeTarget section */

/* Begin PBXProject section */
		14C014E521E3C94F00826B79 /* Project object */ = {
			isa = PBXProject;
			attributes = {
				LastSwiftUpdateCheck = 1010;
				LastUpgradeCheck = 1010;
				ORGANIZATIONNAME = JonahEisenstock;
				TargetAttributes = {
					14C014EC21E3C94F00826B79 = {
						CreatedOnToolsVersion = 10.1;
					};
					14C0150321E3C95300826B79 = {
						CreatedOnToolsVersion = 10.1;
						TestTargetID = 14C014EC21E3C94F00826B79;
					};
					14C0150E21E3C95300826B79 = {
						CreatedOnToolsVersion = 10.1;
						TestTargetID = 14C014EC21E3C94F00826B79;
					};
				};
			};
			buildConfigurationList = 14C014E821E3C94F00826B79 /* Build configuration list for PBXProject "MyWeatherApp" */;
			compatibilityVersion = "Xcode 9.3";
			developmentRegion = en;
			hasScannedForEncodings = 0;
			knownRegions = (
				en,
				Base,
			);
			mainGroup = 14C014E421E3C94F00826B79;
			productRefGroup = 14C014EE21E3C94F00826B79 /* Products */;
			projectDirPath = "";
			projectRoot = "";
			targets = (
				14C014EC21E3C94F00826B79 /* MyWeatherApp */,
				14C0150321E3C95300826B79 /* MyWeatherAppTests */,
				14C0150E21E3C95300826B79 /* MyWeatherAppUITests */,
			);
		};
/* End PBXProject section */

/* Begin PBXResourcesBuildPhase section */
		14C014EB21E3C94F00826B79 /* Resources */ = {
			isa = PBXResourcesBuildPhase;
			buildActionMask = 2147483647;
			files = (
				14C014FE21E3C95200826B79 /* LaunchScreen.storyboard in Resources */,
				14C014FB21E3C95200826B79 /* Assets.xcassets in Resources */,
				14C014F621E3C94F00826B79 /* Main.storyboard in Resources */,
			);
			runOnlyForDeploymentPostprocessing = 0;
		};
		14C0150221E3C95300826B79 /* Resources */ = {
			isa = PBXResourcesBuildPhase;
			buildActionMask = 2147483647;
			files = (
				144441F021EE60A900A8DD0F /* MockJSON.JSON in Resources */,
			);
			runOnlyForDeploymentPostprocessing = 0;
		};
		14C0150D21E3C95300826B79 /* Resources */ = {
			isa = PBXResourcesBuildPhase;
			buildActionMask = 2147483647;
			files = (
				144441F121EE60A900A8DD0F /* MockJSON.JSON in Resources */,
			);
			runOnlyForDeploymentPostprocessing = 0;
		};
/* End PBXResourcesBuildPhase section */

/* Begin PBXSourcesBuildPhase section */
		14C014E921E3C94F00826B79 /* Sources */ = {
			isa = PBXSourcesBuildPhase;
			buildActionMask = 2147483647;
			files = (
				14254A0C21FBCE3B007B416C /* BuddyFunctions.swift in Sources */,
				147E667821EEF59E0054FF5E /* Buddy Struct.swift in Sources */,
				14C0152421E3CC6F00826B79 /* JSON Fetcher.swift in Sources */,
				14C014F321E3C94F00826B79 /* MainViewController.swift in Sources */,
				14364E9B21F11020002F6647 /* SettingsViewController.swift in Sources */,
				147E667A21EEFE9B0054FF5E /* Conversion Functions.swift in Sources */,
				14C014F921E3C94F00826B79 /* MyWeatherApp.xcdatamodeld in Sources */,
				14364E9821F0DF58002F6647 /* Settings Struct.swift in Sources */,
				14C0152621E3CC7F00826B79 /* JSON Struct.swift in Sources */,
				14C014F121E3C94F00826B79 /* AppDelegate.swift in Sources */,
				142C996C21FA5F9000476759 /* SettingsFunctions.swift in Sources */,
				147E667C21EF0B3E0054FF5E /* Constants.swift in Sources */,
			);
			runOnlyForDeploymentPostprocessing = 0;
		};
		14C0150021E3C95300826B79 /* Sources */ = {
			isa = PBXSourcesBuildPhase;
			buildActionMask = 2147483647;
			files = (
				14C0150921E3C95300826B79 /* DataStructureTests.swift in Sources */,
				144441F321EE666800A8DD0F /* Mock Weather Struct.swift in Sources */,
				142C996921FA18F100476759 /* SettingsTests.swift in Sources */,
				144441F821EE709300A8DD0F /* Constants.swift in Sources */,
			);
			runOnlyForDeploymentPostprocessing = 0;
		};
		14C0150B21E3C95300826B79 /* Sources */ = {
			isa = PBXSourcesBuildPhase;
			buildActionMask = 2147483647;
			files = (
				14C0151421E3C95300826B79 /* GeneralUITests.swift in Sources */,
				1464293021FCD2FF00E4DF64 /* MainViewUITests.swift in Sources */,
				1464292E21FCD2F300E4DF64 /* SettingsViewUITests.swift in Sources */,
				144441F421EE666800A8DD0F /* Mock Weather Struct.swift in Sources */,
			);
			runOnlyForDeploymentPostprocessing = 0;
		};
/* End PBXSourcesBuildPhase section */

/* Begin PBXTargetDependency section */
		14C0150621E3C95300826B79 /* PBXTargetDependency */ = {
			isa = PBXTargetDependency;
			target = 14C014EC21E3C94F00826B79 /* MyWeatherApp */;
			targetProxy = 14C0150521E3C95300826B79 /* PBXContainerItemProxy */;
		};
		14C0151121E3C95300826B79 /* PBXTargetDependency */ = {
			isa = PBXTargetDependency;
			target = 14C014EC21E3C94F00826B79 /* MyWeatherApp */;
			targetProxy = 14C0151021E3C95300826B79 /* PBXContainerItemProxy */;
		};
/* End PBXTargetDependency section */

/* Begin PBXVariantGroup section */
		14C014F421E3C94F00826B79 /* Main.storyboard */ = {
			isa = PBXVariantGroup;
			children = (
				14C014F521E3C94F00826B79 /* Base */,
			);
			name = Main.storyboard;
			sourceTree = "<group>";
		};
		14C014FC21E3C95200826B79 /* LaunchScreen.storyboard */ = {
			isa = PBXVariantGroup;
			children = (
				14C014FD21E3C95200826B79 /* Base */,
			);
			name = LaunchScreen.storyboard;
			sourceTree = "<group>";
		};
/* End PBXVariantGroup section */

/* Begin XCBuildConfiguration section */
		14C0151621E3C95300826B79 /* Debug */ = {
			isa = XCBuildConfiguration;
			buildSettings = {
				ALWAYS_SEARCH_USER_PATHS = NO;
				CLANG_ANALYZER_NONNULL = YES;
				CLANG_ANALYZER_NUMBER_OBJECT_CONVERSION = YES_AGGRESSIVE;
				CLANG_CXX_LANGUAGE_STANDARD = "gnu++14";
				CLANG_CXX_LIBRARY = "libc++";
				CLANG_ENABLE_MODULES = YES;
				CLANG_ENABLE_OBJC_ARC = YES;
				CLANG_ENABLE_OBJC_WEAK = YES;
				CLANG_WARN_BLOCK_CAPTURE_AUTORELEASING = YES;
				CLANG_WARN_BOOL_CONVERSION = YES;
				CLANG_WARN_COMMA = YES;
				CLANG_WARN_CONSTANT_CONVERSION = YES;
				CLANG_WARN_DEPRECATED_OBJC_IMPLEMENTATIONS = YES;
				CLANG_WARN_DIRECT_OBJC_ISA_USAGE = YES_ERROR;
				CLANG_WARN_DOCUMENTATION_COMMENTS = YES;
				CLANG_WARN_EMPTY_BODY = YES;
				CLANG_WARN_ENUM_CONVERSION = YES;
				CLANG_WARN_INFINITE_RECURSION = YES;
				CLANG_WARN_INT_CONVERSION = YES;
				CLANG_WARN_NON_LITERAL_NULL_CONVERSION = YES;
				CLANG_WARN_OBJC_IMPLICIT_RETAIN_SELF = YES;
				CLANG_WARN_OBJC_LITERAL_CONVERSION = YES;
				CLANG_WARN_OBJC_ROOT_CLASS = YES_ERROR;
				CLANG_WARN_RANGE_LOOP_ANALYSIS = YES;
				CLANG_WARN_STRICT_PROTOTYPES = YES;
				CLANG_WARN_SUSPICIOUS_MOVE = YES;
				CLANG_WARN_UNGUARDED_AVAILABILITY = YES_AGGRESSIVE;
				CLANG_WARN_UNREACHABLE_CODE = YES;
				CLANG_WARN__DUPLICATE_METHOD_MATCH = YES;
				CODE_SIGN_IDENTITY = "iPhone Developer";
				COPY_PHASE_STRIP = NO;
				DEBUG_INFORMATION_FORMAT = dwarf;
				ENABLE_STRICT_OBJC_MSGSEND = YES;
				ENABLE_TESTABILITY = YES;
				GCC_C_LANGUAGE_STANDARD = gnu11;
				GCC_DYNAMIC_NO_PIC = NO;
				GCC_NO_COMMON_BLOCKS = YES;
				GCC_OPTIMIZATION_LEVEL = 0;
				GCC_PREPROCESSOR_DEFINITIONS = (
					"DEBUG=1",
					"$(inherited)",
				);
				GCC_WARN_64_TO_32_BIT_CONVERSION = YES;
				GCC_WARN_ABOUT_RETURN_TYPE = YES_ERROR;
				GCC_WARN_UNDECLARED_SELECTOR = YES;
				GCC_WARN_UNINITIALIZED_AUTOS = YES_AGGRESSIVE;
				GCC_WARN_UNUSED_FUNCTION = YES;
				GCC_WARN_UNUSED_VARIABLE = YES;
				IPHONEOS_DEPLOYMENT_TARGET = 12.1;
				MTL_ENABLE_DEBUG_INFO = INCLUDE_SOURCE;
				MTL_FAST_MATH = YES;
				ONLY_ACTIVE_ARCH = YES;
				SDKROOT = iphoneos;
				SWIFT_ACTIVE_COMPILATION_CONDITIONS = DEBUG;
				SWIFT_OPTIMIZATION_LEVEL = "-Onone";
			};
			name = Debug;
		};
		14C0151721E3C95300826B79 /* Release */ = {
			isa = XCBuildConfiguration;
			buildSettings = {
				ALWAYS_SEARCH_USER_PATHS = NO;
				CLANG_ANALYZER_NONNULL = YES;
				CLANG_ANALYZER_NUMBER_OBJECT_CONVERSION = YES_AGGRESSIVE;
				CLANG_CXX_LANGUAGE_STANDARD = "gnu++14";
				CLANG_CXX_LIBRARY = "libc++";
				CLANG_ENABLE_MODULES = YES;
				CLANG_ENABLE_OBJC_ARC = YES;
				CLANG_ENABLE_OBJC_WEAK = YES;
				CLANG_WARN_BLOCK_CAPTURE_AUTORELEASING = YES;
				CLANG_WARN_BOOL_CONVERSION = YES;
				CLANG_WARN_COMMA = YES;
				CLANG_WARN_CONSTANT_CONVERSION = YES;
				CLANG_WARN_DEPRECATED_OBJC_IMPLEMENTATIONS = YES;
				CLANG_WARN_DIRECT_OBJC_ISA_USAGE = YES_ERROR;
				CLANG_WARN_DOCUMENTATION_COMMENTS = YES;
				CLANG_WARN_EMPTY_BODY = YES;
				CLANG_WARN_ENUM_CONVERSION = YES;
				CLANG_WARN_INFINITE_RECURSION = YES;
				CLANG_WARN_INT_CONVERSION = YES;
				CLANG_WARN_NON_LITERAL_NULL_CONVERSION = YES;
				CLANG_WARN_OBJC_IMPLICIT_RETAIN_SELF = YES;
				CLANG_WARN_OBJC_LITERAL_CONVERSION = YES;
				CLANG_WARN_OBJC_ROOT_CLASS = YES_ERROR;
				CLANG_WARN_RANGE_LOOP_ANALYSIS = YES;
				CLANG_WARN_STRICT_PROTOTYPES = YES;
				CLANG_WARN_SUSPICIOUS_MOVE = YES;
				CLANG_WARN_UNGUARDED_AVAILABILITY = YES_AGGRESSIVE;
				CLANG_WARN_UNREACHABLE_CODE = YES;
				CLANG_WARN__DUPLICATE_METHOD_MATCH = YES;
				CODE_SIGN_IDENTITY = "iPhone Developer";
				COPY_PHASE_STRIP = NO;
				DEBUG_INFORMATION_FORMAT = "dwarf-with-dsym";
				ENABLE_NS_ASSERTIONS = NO;
				ENABLE_STRICT_OBJC_MSGSEND = YES;
				GCC_C_LANGUAGE_STANDARD = gnu11;
				GCC_NO_COMMON_BLOCKS = YES;
				GCC_WARN_64_TO_32_BIT_CONVERSION = YES;
				GCC_WARN_ABOUT_RETURN_TYPE = YES_ERROR;
				GCC_WARN_UNDECLARED_SELECTOR = YES;
				GCC_WARN_UNINITIALIZED_AUTOS = YES_AGGRESSIVE;
				GCC_WARN_UNUSED_FUNCTION = YES;
				GCC_WARN_UNUSED_VARIABLE = YES;
				IPHONEOS_DEPLOYMENT_TARGET = 12.1;
				MTL_ENABLE_DEBUG_INFO = NO;
				MTL_FAST_MATH = YES;
				SDKROOT = iphoneos;
				SWIFT_COMPILATION_MODE = wholemodule;
				SWIFT_OPTIMIZATION_LEVEL = "-O";
				VALIDATE_PRODUCT = YES;
			};
			name = Release;
		};
		14C0151921E3C95300826B79 /* Debug */ = {
			isa = XCBuildConfiguration;
			buildSettings = {
				ASSETCATALOG_COMPILER_APPICON_NAME = AppIcon;
				CODE_SIGN_STYLE = Automatic;
				INFOPLIST_FILE = MyWeatherApp/Info.plist;
				LD_RUNPATH_SEARCH_PATHS = (
					"$(inherited)",
					"@executable_path/Frameworks",
				);
				PRODUCT_BUNDLE_IDENTIFIER = com.jonaheisenstock.MyWeatherApp;
				PRODUCT_NAME = "$(TARGET_NAME)";
				SWIFT_VERSION = 4.2;
				TARGETED_DEVICE_FAMILY = "1,2";
			};
			name = Debug;
		};
		14C0151A21E3C95300826B79 /* Release */ = {
			isa = XCBuildConfiguration;
			buildSettings = {
				ASSETCATALOG_COMPILER_APPICON_NAME = AppIcon;
				CODE_SIGN_STYLE = Automatic;
				INFOPLIST_FILE = MyWeatherApp/Info.plist;
				LD_RUNPATH_SEARCH_PATHS = (
					"$(inherited)",
					"@executable_path/Frameworks",
				);
				PRODUCT_BUNDLE_IDENTIFIER = com.jonaheisenstock.MyWeatherApp;
				PRODUCT_NAME = "$(TARGET_NAME)";
				SWIFT_VERSION = 4.2;
				TARGETED_DEVICE_FAMILY = "1,2";
			};
			name = Release;
		};
		14C0151C21E3C95300826B79 /* Debug */ = {
			isa = XCBuildConfiguration;
			buildSettings = {
				ALWAYS_EMBED_SWIFT_STANDARD_LIBRARIES = YES;
				BUNDLE_LOADER = "$(TEST_HOST)";
				CODE_SIGN_STYLE = Automatic;
				INFOPLIST_FILE = MyWeatherAppTests/Info.plist;
				LD_RUNPATH_SEARCH_PATHS = (
					"$(inherited)",
					"@executable_path/Frameworks",
					"@loader_path/Frameworks",
				);
				PRODUCT_BUNDLE_IDENTIFIER = com.jonaheisenstock.MyWeatherAppTests;
				PRODUCT_NAME = "$(TARGET_NAME)";
				SWIFT_VERSION = 4.2;
				TARGETED_DEVICE_FAMILY = "1,2";
				TEST_HOST = "$(BUILT_PRODUCTS_DIR)/MyWeatherApp.app/MyWeatherApp";
			};
			name = Debug;
		};
		14C0151D21E3C95300826B79 /* Release */ = {
			isa = XCBuildConfiguration;
			buildSettings = {
				ALWAYS_EMBED_SWIFT_STANDARD_LIBRARIES = YES;
				BUNDLE_LOADER = "$(TEST_HOST)";
				CODE_SIGN_STYLE = Automatic;
				INFOPLIST_FILE = MyWeatherAppTests/Info.plist;
				LD_RUNPATH_SEARCH_PATHS = (
					"$(inherited)",
					"@executable_path/Frameworks",
					"@loader_path/Frameworks",
				);
				PRODUCT_BUNDLE_IDENTIFIER = com.jonaheisenstock.MyWeatherAppTests;
				PRODUCT_NAME = "$(TARGET_NAME)";
				SWIFT_VERSION = 4.2;
				TARGETED_DEVICE_FAMILY = "1,2";
				TEST_HOST = "$(BUILT_PRODUCTS_DIR)/MyWeatherApp.app/MyWeatherApp";
			};
			name = Release;
		};
		14C0151F21E3C95300826B79 /* Debug */ = {
			isa = XCBuildConfiguration;
			buildSettings = {
				ALWAYS_EMBED_SWIFT_STANDARD_LIBRARIES = YES;
				CODE_SIGN_STYLE = Automatic;
				INFOPLIST_FILE = MyWeatherAppUITests/Info.plist;
				LD_RUNPATH_SEARCH_PATHS = (
					"$(inherited)",
					"@executable_path/Frameworks",
					"@loader_path/Frameworks",
				);
				PRODUCT_BUNDLE_IDENTIFIER = com.jonaheisenstock.MyWeatherAppUITests;
				PRODUCT_NAME = "$(TARGET_NAME)";
				SWIFT_VERSION = 4.2;
				TARGETED_DEVICE_FAMILY = "1,2";
				TEST_TARGET_NAME = MyWeatherApp;
			};
			name = Debug;
		};
		14C0152021E3C95300826B79 /* Release */ = {
			isa = XCBuildConfiguration;
			buildSettings = {
				ALWAYS_EMBED_SWIFT_STANDARD_LIBRARIES = YES;
				CODE_SIGN_STYLE = Automatic;
				INFOPLIST_FILE = MyWeatherAppUITests/Info.plist;
				LD_RUNPATH_SEARCH_PATHS = (
					"$(inherited)",
					"@executable_path/Frameworks",
					"@loader_path/Frameworks",
				);
				PRODUCT_BUNDLE_IDENTIFIER = com.jonaheisenstock.MyWeatherAppUITests;
				PRODUCT_NAME = "$(TARGET_NAME)";
				SWIFT_VERSION = 4.2;
				TARGETED_DEVICE_FAMILY = "1,2";
				TEST_TARGET_NAME = MyWeatherApp;
			};
			name = Release;
		};
/* End XCBuildConfiguration section */

/* Begin XCConfigurationList section */
		14C014E821E3C94F00826B79 /* Build configuration list for PBXProject "MyWeatherApp" */ = {
			isa = XCConfigurationList;
			buildConfigurations = (
				14C0151621E3C95300826B79 /* Debug */,
				14C0151721E3C95300826B79 /* Release */,
			);
			defaultConfigurationIsVisible = 0;
			defaultConfigurationName = Release;
		};
		14C0151821E3C95300826B79 /* Build configuration list for PBXNativeTarget "MyWeatherApp" */ = {
			isa = XCConfigurationList;
			buildConfigurations = (
				14C0151921E3C95300826B79 /* Debug */,
				14C0151A21E3C95300826B79 /* Release */,
			);
			defaultConfigurationIsVisible = 0;
			defaultConfigurationName = Release;
		};
		14C0151B21E3C95300826B79 /* Build configuration list for PBXNativeTarget "MyWeatherAppTests" */ = {
			isa = XCConfigurationList;
			buildConfigurations = (
				14C0151C21E3C95300826B79 /* Debug */,
				14C0151D21E3C95300826B79 /* Release */,
			);
			defaultConfigurationIsVisible = 0;
			defaultConfigurationName = Release;
		};
		14C0151E21E3C95300826B79 /* Build configuration list for PBXNativeTarget "MyWeatherAppUITests" */ = {
			isa = XCConfigurationList;
			buildConfigurations = (
				14C0151F21E3C95300826B79 /* Debug */,
				14C0152021E3C95300826B79 /* Release */,
			);
			defaultConfigurationIsVisible = 0;
			defaultConfigurationName = Release;
		};
/* End XCConfigurationList section */

/* Begin XCVersionGroup section */
		14C014F721E3C94F00826B79 /* MyWeatherApp.xcdatamodeld */ = {
			isa = XCVersionGroup;
			children = (
				14C014F821E3C94F00826B79 /* MyWeatherApp.xcdatamodel */,
			);
			currentVersion = 14C014F821E3C94F00826B79 /* MyWeatherApp.xcdatamodel */;
			path = MyWeatherApp.xcdatamodeld;
			sourceTree = "<group>";
			versionGroupType = wrapper.xcdatamodel;
		};
/* End XCVersionGroup section */
	};
	rootObject = 14C014E521E3C94F00826B79 /* Project object */;
}
